
Microsoft Visual Studio Solution File, Format Version 12.00
# Visual Studio Version 17
VisualStudioVersion = 17.10.34928.147
MinimumVisualStudioVersion = 10.0.40219.1
Project("{9A19103F-16F7-4668-BE54-9A1E7A4F7556}") = "UserManagement.API", "UserManagement.API\UserManagement.API.csproj", "{79EF648D-4B88-4024-97F4-9EE6C1B4DDE4}"
EndProject
Project("{9A19103F-16F7-4668-BE54-9A1E7A4F7556}") = "UserManagement.Application", "UserManagement.Application\UserManagement.Application.csproj", "{81DAED8E-D5C7-407D-BC96-DF4FE2BFB99A}"
EndProject
Project("{9A19103F-16F7-4668-BE54-9A1E7A4F7556}") = "UserManagement.Domain", "UserManagement.Domain\UserManagement.Domain.csproj", "{FF2C0649-9A51-4C5F-A987-9AD1570EF948}"
EndProject
Project("{9A19103F-16F7-4668-BE54-9A1E7A4F7556}") = "UserManagement.Infrastructure", "UserManagement.Infrastructure\UserManagement.Infrastructure.csproj", "{A8060F96-DDAE-48F0-9DCA-AA41A6A0D2FE}"
EndProject
Project("{FAE04EC0-301F-11D3-BF4B-00C04F79EFBC}") = "UserManagement.UnitTests", "Tests\UserManagement.UnitTests\UserManagement.UnitTests.csproj", "{0EAA28C3-33C1-45A2-B1C1-7F3E46046226}"
EndProject
Global
	GlobalSection(SolutionConfigurationPlatforms) = preSolution
		Debug|Any CPU = Debug|Any CPU
		Release|Any CPU = Release|Any CPU
	EndGlobalSection
	GlobalSection(ProjectConfigurationPlatforms) = postSolution
		{79EF648D-4B88-4024-97F4-9EE6C1B4DDE4}.Debug|Any CPU.ActiveCfg = Debug|Any CPU
		{79EF648D-4B88-4024-97F4-9EE6C1B4DDE4}.Debug|Any CPU.Build.0 = Debug|Any CPU
		{79EF648D-4B88-4024-97F4-9EE6C1B4DDE4}.Release|Any CPU.ActiveCfg = Release|Any CPU
		{79EF648D-4B88-4024-97F4-9EE6C1B4DDE4}.Release|Any CPU.Build.0 = Release|Any CPU
		{81DAED8E-D5C7-407D-BC96-DF4FE2BFB99A}.Debug|Any CPU.ActiveCfg = Debug|Any CPU
		{81DAED8E-D5C7-407D-BC96-DF4FE2BFB99A}.Debug|Any CPU.Build.0 = Debug|Any CPU
		{81DAED8E-D5C7-407D-BC96-DF4FE2BFB99A}.Release|Any CPU.ActiveCfg = Release|Any CPU
		{81DAED8E-D5C7-407D-BC96-DF4FE2BFB99A}.Release|Any CPU.Build.0 = Release|Any CPU
		{FF2C0649-9A51-4C5F-A987-9AD1570EF948}.Debug|Any CPU.ActiveCfg = Debug|Any CPU
		{FF2C0649-9A51-4C5F-A987-9AD1570EF948}.Debug|Any CPU.Build.0 = Debug|Any CPU
		{FF2C0649-9A51-4C5F-A987-9AD1570EF948}.Release|Any CPU.ActiveCfg = Release|Any CPU
		{FF2C0649-9A51-4C5F-A987-9AD1570EF948}.Release|Any CPU.Build.0 = Release|Any CPU
		{A8060F96-DDAE-48F0-9DCA-AA41A6A0D2FE}.Debug|Any CPU.ActiveCfg = Debug|Any CPU
		{A8060F96-DDAE-48F0-9DCA-AA41A6A0D2FE}.Debug|Any CPU.Build.0 = Debug|Any CPU
		{A8060F96-DDAE-48F0-9DCA-AA41A6A0D2FE}.Release|Any CPU.ActiveCfg = Release|Any CPU
		{A8060F96-DDAE-48F0-9DCA-AA41A6A0D2FE}.Release|Any CPU.Build.0 = Release|Any CPU
		{0EAA28C3-33C1-45A2-B1C1-7F3E46046226}.Debug|Any CPU.ActiveCfg = Debug|Any CPU
		{0EAA28C3-33C1-45A2-B1C1-7F3E46046226}.Debug|Any CPU.Build.0 = Debug|Any CPU
		{0EAA28C3-33C1-45A2-B1C1-7F3E46046226}.Release|Any CPU.ActiveCfg = Release|Any CPU
		{0EAA28C3-33C1-45A2-B1C1-7F3E46046226}.Release|Any CPU.Build.0 = Release|Any CPU
	EndGlobalSection
	GlobalSection(SolutionProperties) = preSolution
		HideSolutionNode = FALSE
	EndGlobalSection
	GlobalSection(ExtensibilityGlobals) = postSolution
		SolutionGuid = {9963D6CF-816A-41A8-AFC7-4FCF94F66659}
	EndGlobalSection
EndGlobal
